
Microsoft Visual Studio Solution File, Format Version 12.00
# Visual Studio Version 16
VisualStudioVersion = 16.0.30517.126
MinimumVisualStudioVersion = 10.0.40219.1
Project("{9A19103F-16F7-4668-BE54-9A1E7A4F7556}") = "POP_Class_work_lesson_2", "Lesson_1\POP_Class_work_lesson_2.csproj", "{F7EE81C2-6D22-4B6C-8FFC-C2B0286DCF63}"
EndProject
Project("{9A19103F-16F7-4668-BE54-9A1E7A4F7556}") = "POP_Homework_Lesson_2", "task_01\POP_Homework_Lesson_2.csproj", "{C07E8A4E-2799-4EEA-A0A4-F7E5258F080F}"
EndProject
Project("{9A19103F-16F7-4668-BE54-9A1E7A4F7556}") = "POP_Class_work_lesson_3", "POP_Class_work_lesson_2\POP_Class_work_lesson_3.csproj", "{C2BFBB3A-A30E-4B05-8507-B8D1A21A26C0}"
EndProject
Project("{9A19103F-16F7-4668-BE54-9A1E7A4F7556}") = "POP_Class_work_lesson_4", "POP_Class_work_lesson_3\POP_Class_work_lesson_4.csproj", "{195CB1F0-D60B-42CE-A508-76E8B9433856}"
EndProject
Project("{9A19103F-16F7-4668-BE54-9A1E7A4F7556}") = "POP_Class_work_lesson_5", "POP_Class_work_lesson_4\POP_Class_work_lesson_5.csproj", "{CA11AFAD-E715-46B4-A97F-CB62AEE5A09F}"
EndProject
Project("{9A19103F-16F7-4668-BE54-9A1E7A4F7556}") = "POP_Class_work_lesson_6", "POP_Class_work_lesson_5\POP_Class_work_lesson_6.csproj", "{A573E1F6-FF77-4F8E-AF80-118F329BD038}"
EndProject
Project("{9A19103F-16F7-4668-BE54-9A1E7A4F7556}") = "POP_Class_work_lesson_7", "POP_Class_work_lesson_6\POP_Class_work_lesson_7.csproj", "{88D33E3C-8396-400D-8C58-7D86EF1DF6D3}"
EndProject
Project("{9A19103F-16F7-4668-BE54-9A1E7A4F7556}") = "POP_Class_work_lesson_8", "POP_Class_work_lesson_7\POP_Class_work_lesson_8.csproj", "{48C80FFB-3369-4EA9-873B-220D879A551E}"
EndProject
Project("{FAE04EC0-301F-11D3-BF4B-00C04F79EFBC}") = "POP_Class_work_lesson_9", "POP_Class_work_lesson_9\POP_Class_work_lesson_9.csproj", "{53FACAC5-BDC9-4A6C-B1C6-945061E2AC93}"
EndProject
Global
	GlobalSection(SolutionConfigurationPlatforms) = preSolution
		Debug|Any CPU = Debug|Any CPU
		Release|Any CPU = Release|Any CPU
	EndGlobalSection
	GlobalSection(ProjectConfigurationPlatforms) = postSolution
		{F7EE81C2-6D22-4B6C-8FFC-C2B0286DCF63}.Debug|Any CPU.ActiveCfg = Debug|Any CPU
		{F7EE81C2-6D22-4B6C-8FFC-C2B0286DCF63}.Debug|Any CPU.Build.0 = Debug|Any CPU
		{F7EE81C2-6D22-4B6C-8FFC-C2B0286DCF63}.Release|Any CPU.ActiveCfg = Release|Any CPU
		{F7EE81C2-6D22-4B6C-8FFC-C2B0286DCF63}.Release|Any CPU.Build.0 = Release|Any CPU
		{C07E8A4E-2799-4EEA-A0A4-F7E5258F080F}.Debug|Any CPU.ActiveCfg = Debug|Any CPU
		{C07E8A4E-2799-4EEA-A0A4-F7E5258F080F}.Debug|Any CPU.Build.0 = Debug|Any CPU
		{C07E8A4E-2799-4EEA-A0A4-F7E5258F080F}.Release|Any CPU.ActiveCfg = Release|Any CPU
		{C07E8A4E-2799-4EEA-A0A4-F7E5258F080F}.Release|Any CPU.Build.0 = Release|Any CPU
		{C2BFBB3A-A30E-4B05-8507-B8D1A21A26C0}.Debug|Any CPU.ActiveCfg = Debug|Any CPU
		{C2BFBB3A-A30E-4B05-8507-B8D1A21A26C0}.Debug|Any CPU.Build.0 = Debug|Any CPU
		{C2BFBB3A-A30E-4B05-8507-B8D1A21A26C0}.Release|Any CPU.ActiveCfg = Release|Any CPU
		{C2BFBB3A-A30E-4B05-8507-B8D1A21A26C0}.Release|Any CPU.Build.0 = Release|Any CPU
		{195CB1F0-D60B-42CE-A508-76E8B9433856}.Debug|Any CPU.ActiveCfg = Debug|Any CPU
		{195CB1F0-D60B-42CE-A508-76E8B9433856}.Debug|Any CPU.Build.0 = Debug|Any CPU
		{195CB1F0-D60B-42CE-A508-76E8B9433856}.Release|Any CPU.ActiveCfg = Release|Any CPU
		{195CB1F0-D60B-42CE-A508-76E8B9433856}.Release|Any CPU.Build.0 = Release|Any CPU
		{CA11AFAD-E715-46B4-A97F-CB62AEE5A09F}.Debug|Any CPU.ActiveCfg = Debug|Any CPU
		{CA11AFAD-E715-46B4-A97F-CB62AEE5A09F}.Debug|Any CPU.Build.0 = Debug|Any CPU
		{CA11AFAD-E715-46B4-A97F-CB62AEE5A09F}.Release|Any CPU.ActiveCfg = Release|Any CPU
		{CA11AFAD-E715-46B4-A97F-CB62AEE5A09F}.Release|Any CPU.Build.0 = Release|Any CPU
		{A573E1F6-FF77-4F8E-AF80-118F329BD038}.Debug|Any CPU.ActiveCfg = Debug|Any CPU
		{A573E1F6-FF77-4F8E-AF80-118F329BD038}.Debug|Any CPU.Build.0 = Debug|Any CPU
		{A573E1F6-FF77-4F8E-AF80-118F329BD038}.Release|Any CPU.ActiveCfg = Release|Any CPU
		{A573E1F6-FF77-4F8E-AF80-118F329BD038}.Release|Any CPU.Build.0 = Release|Any CPU
		{88D33E3C-8396-400D-8C58-7D86EF1DF6D3}.Debug|Any CPU.ActiveCfg = Debug|Any CPU
		{88D33E3C-8396-400D-8C58-7D86EF1DF6D3}.Debug|Any CPU.Build.0 = Debug|Any CPU
		{88D33E3C-8396-400D-8C58-7D86EF1DF6D3}.Release|Any CPU.ActiveCfg = Release|Any CPU
		{88D33E3C-8396-400D-8C58-7D86EF1DF6D3}.Release|Any CPU.Build.0 = Release|Any CPU
		{48C80FFB-3369-4EA9-873B-220D879A551E}.Debug|Any CPU.ActiveCfg = Debug|Any CPU
		{48C80FFB-3369-4EA9-873B-220D879A551E}.Debug|Any CPU.Build.0 = Debug|Any CPU
		{48C80FFB-3369-4EA9-873B-220D879A551E}.Release|Any CPU.ActiveCfg = Release|Any CPU
		{48C80FFB-3369-4EA9-873B-220D879A551E}.Release|Any CPU.Build.0 = Release|Any CPU
		{53FACAC5-BDC9-4A6C-B1C6-945061E2AC93}.Debug|Any CPU.ActiveCfg = Debug|Any CPU
		{53FACAC5-BDC9-4A6C-B1C6-945061E2AC93}.Debug|Any CPU.Build.0 = Debug|Any CPU
		{53FACAC5-BDC9-4A6C-B1C6-945061E2AC93}.Release|Any CPU.ActiveCfg = Release|Any CPU
		{53FACAC5-BDC9-4A6C-B1C6-945061E2AC93}.Release|Any CPU.Build.0 = Release|Any CPU
	EndGlobalSection
	GlobalSection(SolutionProperties) = preSolution
		HideSolutionNode = FALSE
	EndGlobalSection
	GlobalSection(ExtensibilityGlobals) = postSolution
		SolutionGuid = {63C4A5E6-D916-481E-ABD2-48180C1429FE}
	EndGlobalSection
EndGlobal
